<?xml version="1.0" encoding="UTF-8" standalone="yes" ?>
<CodeBlocks_project_file>
	<FileVersion major="1" minor="6" />
	<Project>
		<Option title="Engine" />
		<Option pch_mode="2" />
		<Option compiler="gcc" />
		<Build>
			<Target title="win32_debug">
				<Option output="bin/Debug/proto" prefix_auto="1" extension_auto="1" />
				<Option working_dir="" />
				<Option object_output="obj/Debug/" />
				<Option type="2" />
				<Option compiler="gcc" />
				<Compiler>
					<Add option="-std=c++11" />
					<Add option="-g" />
					<Add option="-DSFML_DYNAMIC" />
					<Add directory="src" />
					<Add directory="include" />
					<Add directory="include/fm/json" />
					<Add directory="extlibs/include" />
				</Compiler>
				<Linker>
					<Add library="sfml-audio" />
					<Add library="sfml-graphics" />
					<Add library="sfml-window" />
					<Add library="sfml-system" />
					<Add directory="extlibs/bin/gcc-mingw32" />
				</Linker>
			</Target>
			<Target title="win32_release">
				<Option output="bin/Release/SSM_Cpp_v2" prefix_auto="1" extension_auto="1" />
				<Option working_dir="" />
				<Option object_output="obj/Release/" />
				<Option type="2" />
				<Option compiler="gcc" />
				<Compiler>
					<Add option="-O2" />
					<Add option="-std=c++11" />
					<Add option="-DSFML_DYNAMIC" />
				</Compiler>
				<Linker>
					<Add option="-s" />
				</Linker>
			</Target>
		</Build>
		<Compiler>
			<Add option="-Wall" />
			<Add option="-fexceptions" />
		</Compiler>
		<Unit filename="include/fm/app/Application.hpp" />
		<Unit filename="include/fm/app/GameSettings.hpp" />
		<Unit filename="include/fm/app/PerformanceGraph.hpp" />
		<Unit filename="include/fm/asset/AssetBank.hpp" />
		<Unit filename="include/fm/asset/AssetBankManifest.hpp" />
		<Unit filename="include/fm/asset/AssetFileMatcher.hpp" />
		<Unit filename="include/fm/asset/AssetMap.hpp" />
		<Unit filename="include/fm/asset/AssetMapBase.hpp" />
		<Unit filename="include/fm/asset/FileRef.hpp" />
		<Unit filename="include/fm/asset/Material.hpp" />
		<Unit filename="include/fm/asset/TextureAtlas.hpp" />
		<Unit filename="include/fm/asset/TiledMap.hpp" />
		<Unit filename="include/fm/asset/load.hpp" />
		<Unit filename="include/fm/config.hpp" />
		<Unit filename="include/fm/json/JsonBox.h" />
		<Unit filename="include/fm/json/JsonBox/Array.h" />
		<Unit filename="include/fm/json/JsonBox/Convert.h" />
		<Unit filename="include/fm/json/JsonBox/Escaper.h" />
		<Unit filename="include/fm/json/JsonBox/Grammar.h" />
		<Unit filename="include/fm/json/JsonBox/IndentCanceller.h" />
		<Unit filename="include/fm/json/JsonBox/Indenter.h" />
		<Unit filename="include/fm/json/JsonBox/Object.h" />
		<Unit filename="include/fm/json/JsonBox/OutputFilter.h" />
		<Unit filename="include/fm/json/JsonBox/SolidusEscaper.h" />
		<Unit filename="include/fm/json/JsonBox/Value.h" />
		<Unit filename="include/fm/json/json_utils.hpp" />
		<Unit filename="include/fm/pcg/AutoTiler.hpp" />
		<Unit filename="include/fm/pcg/MazeGenerator.hpp" />
		<Unit filename="include/fm/scene/animation.hpp" />
		<Unit filename="include/fm/scene/animation/Animator.hpp" />
		<Unit filename="include/fm/scene/animation/SpriteAnimator.hpp" />
		<Unit filename="include/fm/scene/audio.hpp" />
		<Unit filename="include/fm/scene/audio/AudioEmitter.hpp" />
		<Unit filename="include/fm/scene/audio/AudioSystem.hpp" />
		<Unit filename="include/fm/scene/behaviour.hpp" />
		<Unit filename="include/fm/scene/behaviour/Behaviour.hpp" />
		<Unit filename="include/fm/scene/core.hpp" />
		<Unit filename="include/fm/scene/core/Component.hpp" />
		<Unit filename="include/fm/scene/core/ComponentFactory.hpp" />
		<Unit filename="include/fm/scene/core/ComponentList.hpp" />
		<Unit filename="include/fm/scene/core/ComponentType.hpp" />
		<Unit filename="include/fm/scene/core/Entity.hpp" />
		<Unit filename="include/fm/scene/core/LayerMap.hpp" />
		<Unit filename="include/fm/scene/core/Scene.hpp" />
		<Unit filename="include/fm/scene/core/TagManager.hpp" />
		<Unit filename="include/fm/scene/core/Transform.hpp" />
		<Unit filename="include/fm/scene/graphics.hpp" />
		<Unit filename="include/fm/scene/graphics/Camera.hpp" />
		<Unit filename="include/fm/scene/graphics/MapRenderer.hpp" />
		<Unit filename="include/fm/scene/graphics/OverlayRenderer.hpp" />
		<Unit filename="include/fm/scene/graphics/ParticleSystem.hpp" />
		<Unit filename="include/fm/scene/graphics/RenderSystem.hpp" />
		<Unit filename="include/fm/scene/graphics/Renderer.hpp" />
		<Unit filename="include/fm/scene/graphics/SpriteRenderer.hpp" />
		<Unit filename="include/fm/scene/graphics/TextRenderer.hpp" />
		<Unit filename="include/fm/scene/gui/Anchor.hpp" />
		<Unit filename="include/fm/scene/gui/GUIEvent.hpp" />
		<Unit filename="include/fm/scene/gui/GUIManager.hpp" />
		<Unit filename="include/fm/scene/gui/GUIPanel.hpp" />
		<Unit filename="include/fm/scene/gui/GUIRoot.hpp" />
		<Unit filename="include/fm/scene/physics.hpp" />
		<Unit filename="include/fm/scene/physics/Body.hpp" />
		<Unit filename="include/fm/scene/physics/BoxCollider.hpp" />
		<Unit filename="include/fm/scene/physics/Collider.hpp" />
		<Unit filename="include/fm/scene/physics/CollisionInfo.hpp" />
		<Unit filename="include/fm/scene/physics/MapCollider.hpp" />
		<Unit filename="include/fm/scene/physics/PhysicsSystem.hpp" />
		<Unit filename="include/fm/sfml/AudioSource.hpp" />
		<Unit filename="include/fm/sfml/InputListener.hpp">
			<Option target="&lt;{~None~}&gt;" />
		</Unit>
		<Unit filename="include/fm/sfml/SpriteBatch.hpp" />
		<Unit filename="include/fm/sfml/sfml2_utils.hpp" />
		<Unit filename="include/fm/system/filesystem.hpp" />
		<Unit filename="include/fm/types.hpp" />
		<Unit filename="include/fm/util/Array2D.hpp" />
		<Unit filename="include/fm/util/ArrayPainter2D.hpp" />
		<Unit filename="include/fm/util/Color.hpp" />
		<Unit filename="include/fm/util/Direction.hpp" />
		<Unit filename="include/fm/util/Exception.hpp" />
		<Unit filename="include/fm/util/Log.hpp" />
		<Unit filename="include/fm/util/NonCopyable.hpp" />
		<Unit filename="include/fm/util/PathFinder.hpp" />
		<Unit filename="include/fm/util/PriorityQueueB.hpp" />
		<Unit filename="include/fm/util/Range.hpp" />
		<Unit filename="include/fm/util/Rect.hpp" />
		<Unit filename="include/fm/util/SampledCurve.hpp" />
		<Unit filename="include/fm/util/Vector2.hpp" />
		<Unit filename="include/fm/util/interpolation.hpp" />
		<Unit filename="include/fm/util/macros.hpp" />
		<Unit filename="include/fm/util/math.hpp" />
		<Unit filename="include/fm/util/noise.hpp" />
		<Unit filename="include/fm/util/stringutils.hpp" />
		<Unit filename="include/fm/util/typecheck.hpp" />
		<Unit filename="src/fm/app/Application.cpp" />
		<Unit filename="src/fm/app/PerformanceGraph.cpp" />
		<Unit filename="src/fm/asset/AssetBank.cpp" />
		<Unit filename="src/fm/asset/AssetBankManifest.cpp" />
		<Unit filename="src/fm/asset/AssetFileMatcher.cpp" />
		<Unit filename="src/fm/asset/AssetMapBase.cpp" />
		<Unit filename="src/fm/asset/Material.cpp" />
		<Unit filename="src/fm/asset/TextureAtlas.cpp" />
		<Unit filename="src/fm/asset/TiledMap.cpp" />
		<Unit filename="src/fm/asset/load.cpp" />
		<Unit filename="src/fm/json/JsonBox/Array.cpp" />
		<Unit filename="src/fm/json/JsonBox/Convert.cpp" />
		<Unit filename="src/fm/json/JsonBox/Escaper.cpp" />
		<Unit filename="src/fm/json/JsonBox/IndentCanceller.cpp" />
		<Unit filename="src/fm/json/JsonBox/Indenter.cpp" />
		<Unit filename="src/fm/json/JsonBox/Object.cpp" />
		<Unit filename="src/fm/json/JsonBox/SolidusEscaper.cpp" />
		<Unit filename="src/fm/json/JsonBox/Value.cpp" />
		<Unit filename="src/fm/json/json_utils.cpp" />
		<Unit filename="src/fm/pcg/AutoTiler.cpp" />
		<Unit filename="src/fm/pcg/MazeGenerator.cpp" />
		<Unit filename="src/fm/scene/animation/Animator.cpp" />
		<Unit filename="src/fm/scene/animation/SpriteAnimator.cpp" />
		<Unit filename="src/fm/scene/audio/AudioEmitter.cpp" />
		<Unit filename="src/fm/scene/audio/AudioSystem.cpp" />
		<Unit filename="src/fm/scene/behaviour/Behaviour.cpp" />
		<Unit filename="src/fm/scene/core/Component.cpp" />
		<Unit filename="src/fm/scene/core/ComponentFactory.cpp" />
		<Unit filename="src/fm/scene/core/Entity.cpp" />
		<Unit filename="src/fm/scene/core/Scene.cpp" />
		<Unit filename="src/fm/scene/core/TagManager.cpp" />
		<Unit filename="src/fm/scene/core/Transform.cpp" />
		<Unit filename="src/fm/scene/graphics/Camera.cpp" />
		<Unit filename="src/fm/scene/graphics/MapRenderer.cpp" />
		<Unit filename="src/fm/scene/graphics/OverlayRenderer.cpp" />
		<Unit filename="src/fm/scene/graphics/ParticleSystem.cpp" />
		<Unit filename="src/fm/scene/graphics/RenderSystem.cpp" />
		<Unit filename="src/fm/scene/graphics/Renderer.cpp" />
		<Unit filename="src/fm/scene/graphics/SpriteRenderer.cpp" />
		<Unit filename="src/fm/scene/graphics/TextRenderer.cpp" />
		<Unit filename="src/fm/scene/gui/Anchor.cpp" />
		<Unit filename="src/fm/scene/gui/GUIManager.cpp" />
		<Unit filename="src/fm/scene/gui/GUIRoot.cpp" />
		<Unit filename="src/fm/scene/physics/Body.cpp" />
		<Unit filename="src/fm/scene/physics/BoxCollider.cpp" />
		<Unit filename="src/fm/scene/physics/Collider.cpp" />
		<Unit filename="src/fm/scene/physics/MapCollider.cpp" />
		<Unit filename="src/fm/scene/physics/PhysicsSystem.cpp" />
		<Unit filename="src/fm/sfml/AudioSource.cpp" />
		<Unit filename="src/fm/sfml/SpriteBatch.cpp" />
		<Unit filename="src/fm/system/filesystem.cpp" />
		<Unit filename="src/fm/util/Color.cpp" />
		<Unit filename="src/fm/util/Log.cpp" />
		<Unit filename="src/fm/util/PathFinder.cpp" />
		<Unit filename="src/fm/util/interpolation.cpp" />
		<Unit filename="src/fm/util/noise.cpp" />
		<Unit filename="src/fm/util/stringutils.cpp" />
		<Extensions>
			<DoxyBlocks>
				<comment_style block="0" line="0" />
				<doxyfile_project />
				<doxyfile_build />
				<doxyfile_warnings />
				<doxyfile_output />
				<doxyfile_dot />
				<general />
			</DoxyBlocks>
			<code_completion />
			<envvars />
			<debugger />
			<lib_finder disable_auto="1" />
		</Extensions>
	</Project>
</CodeBlocks_project_file>
